
Microsoft Visual Studio Solution File, Format Version 12.00
# Visual Studio Version 16
VisualStudioVersion = 16.0.30611.23
MinimumVisualStudioVersion = 10.0.40219.1
Project("{8BC9CEB8-8B4A-11D0-8D11-00A0C91BC942}") = "CavendishPatricia_Assignment09_SoCoMan1", "CavendishPatricia_Assignment09_SoCoMan1.vcxproj", "{EE37A74C-D228-45CD-82AC-F9E0A5D51A1A}"
EndProject
Global
	GlobalSection(SolutionConfigurationPlatforms) = preSolution
		Debug|x64 = Debug|x64
		Debug|x86 = Debug|x86
		Release|x64 = Release|x64
		Release|x86 = Release|x86
	EndGlobalSection
	GlobalSection(ProjectConfigurationPlatforms) = postSolution
		{EE37A74C-D228-45CD-82AC-F9E0A5D51A1A}.Debug|x64.ActiveCfg = Debug|x64
		{EE37A74C-D228-45CD-82AC-F9E0A5D51A1A}.Debug|x64.Build.0 = Debug|x64
		{EE37A74C-D228-45CD-82AC-F9E0A5D51A1A}.Debug|x86.ActiveCfg = Debug|Win32
		{EE37A74C-D228-45CD-82AC-F9E0A5D51A1A}.Debug|x86.Build.0 = Debug|Win32
		{EE37A74C-D228-45CD-82AC-F9E0A5D51A1A}.Release|x64.ActiveCfg = Release|x64
		{EE37A74C-D228-45CD-82AC-F9E0A5D51A1A}.Release|x64.Build.0 = Release|x64
		{EE37A74C-D228-45CD-82AC-F9E0A5D51A1A}.Release|x86.ActiveCfg = Release|Win32
		{EE37A74C-D228-45CD-82AC-F9E0A5D51A1A}.Release|x86.Build.0 = Release|Win32
	EndGlobalSection
	GlobalSection(SolutionProperties) = preSolution
		HideSolutionNode = FALSE
	EndGlobalSection
	GlobalSection(ExtensibilityGlobals) = postSolution
		SolutionGuid = {689691E6-34B7-4681-BBBE-17BC419DFFA7}
	EndGlobalSection
EndGlobal
